GIT
  remote: https://github.com/S-H-GAMELINKS/mui.git
  revision: 0fa780ab26bba95a5ae96d69984f75a1e208086b
  specs:
    mui (0.1.0)
      curses

PATH
  remote: .
  specs:
    mui-git (0.1.0)
      mui (>= 0.1.0)

GEM
  remote: https://rubygems.org/
  specs:
    curses (1.5.3)
    date (3.5.1)
    erb (6.0.0)
    io-console (0.8.1)
    irb (1.15.3)
      pp (>= 0.6.0)
      rdoc (>= 4.0.0)
      reline (>= 0.4.2)
    minitest (5.26.2)
    pp (0.6.3)
      prettyprint
    prettyprint (0.2.0)
    psych (5.3.0)
      date
      stringio
    rake (13.3.1)
    rdoc (6.17.0)
      erb
      psych (>= 4.0.0)
      tsort
    reline (0.6.3)
      io-console (~> 0.5)
    stringio (3.1.9)
    tsort (0.2.0)

PLATFORMS
  ruby
  x86_64-linux

DEPENDENCIES
  irb
  minitest (~> 5.16)
  mui!
  mui-git!
  rake (~> 13.0)

CHECKSUMS
  curses (1.5.3) sha256=86d219442e7fe78e68c609e6884f08b439b7508cf3f9d5b914f75c106e77bf7c
  date (3.5.1) sha256=750d06384d7b9c15d562c76291407d89e368dda4d4fff957eb94962d325a0dc0
  erb (6.0.0) sha256=2730893f9d8c9733f16cab315a4e4b71c1afa9cabc1a1e7ad1403feba8f52579
  io-console (0.8.1) sha256=1e15440a6b2f67b6ea496df7c474ed62c860ad11237f29b3bd187f054b925fcb
  irb (1.15.3) sha256=4349edff1efa7ff7bfd34cb9df74a133a588ba88c2718098b3b4468b81184aaa
  minitest (5.26.2) sha256=f021118a6185b9ba9f5af71f2ba103ad770c75afde9f2ab8da512677c550cde3
  mui (0.1.0)
  mui-git (0.1.0)
  pp (0.6.3) sha256=2951d514450b93ccfeb1df7d021cae0da16e0a7f95ee1e2273719669d0ab9df6
  prettyprint (0.2.0) sha256=2bc9e15581a94742064a3cc8b0fb9d45aae3d03a1baa6ef80922627a0766f193
  psych (5.3.0) sha256=8976a41ae29ea38c88356e862629345290347e3bfe27caf654f7c5a920e95eeb
  rake (13.3.1) sha256=8c9e89d09f66a26a01264e7e3480ec0607f0c497a861ef16063604b1b08eb19c
  rdoc (6.17.0) sha256=0f50d4e568fc98195f9bb155a9e8dff6c7feabfb515fb22ef6df1d12ad5a02b7
  reline (0.6.3) sha256=1198b04973565b36ec0f11542ab3f5cfeeec34823f4e54cebde90968092b1835
  stringio (3.1.9) sha256=c111af13d3a73eab96a3bc2655ecf93788d13d28cb8e25c1dcbff89ace885121
  tsort (0.2.0) sha256=9650a793f6859a43b6641671278f79cfead60ac714148aabe4e3f0060480089f

BUNDLED WITH
  4.0.0.beta2
